PODS:
  - Alamofire (5.0.2)
  - SDWebImage (5.6.1):
    - SDWebImage/Core (= 5.6.1)
  - SDWebImage/Core (5.6.1)
  - youtube-ios-player-helper (0.1.6)

DEPENDENCIES:
  - Alamofire
  - SDWebImage (~> 5.0)
  - youtube-ios-player-helper (~> 0.1.4)

SPEC REPOS:
  trunk:
    - Alamofire
    - SDWebImage
    - youtube-ios-player-helper

SPEC CHECKSUMS:
  Alamofire: 3ba7a4db18b4f62c4a1c0e1cb39d7f3d52e10ada
  SDWebImage: 7edb9c3ea661e77a66661f7f044de8c1b55d1120
  youtube-ios-player-helper: 21ab92db027c7ff86cb17a3843a3f6eafc8158d2

PODFILE CHECKSUM: 37f347651aa2e36afd6001d96130ebf9a0ab8723

COCOAPODS: 1.8.4
